# This file is autogenerated, do not edit; changes may be undone by the next 'dep ensure'.


[[projects]]
  digest = "1:e8f6639eaa399c8595b9a2dee175514a9f3842888dc080e2776360dc604150dc"
  name = "github.com/99designs/gqlgen"
  packages = [
    "cmd",
    "codegen",
    "codegen/templates",
    "complexity",
    "graphql",
    "graphql/introspection",
    "handler",
    "internal/gopath",
    "internal/imports",
  ]
  pruneopts = "UT"
  revision = "da1e07f5876c0fb79cbad19006f7135be08590d6"
  version = "v0.7.2"

[[projects]]
  digest = "1:cc306cae16c310ca360eaee3e563109e251832a3f6a13b26bf39cc6a43c7c9f6"
  name = "github.com/agnivade/levenshtein"
  packages = ["."]
  pruneopts = "UT"
  revision = "834b435c3df04fba060c8d74a40d849ab2c4a090"
  version = "v1.0.1"

[[projects]]
  digest = "1:76dc72490af7174349349838f2fe118996381b31ea83243812a97e5a0fd5ed55"
  name = "github.com/dgrijalva/jwt-go"
  packages = ["."]
  pruneopts = "UT"
  revision = "06ea1031745cb8b3dab3f6a236daf2b0aa468b7e"
  version = "v3.2.0"

[[projects]]
  digest = "1:7b5c6e2eeaa9ae5907c391a91c132abfd5c9e8a784a341b5625e750c67e6825d"
  name = "github.com/gorilla/websocket"
  packages = ["."]
  pruneopts = "UT"
  revision = "66b9c49e59c6c48f0ffce28c2d8b8a5678502c6d"
  version = "v1.4.0"

[[projects]]
  digest = "1:8ec8d88c248041a6df5f6574b87bc00e7e0b493881dad2e7ef47b11dc69093b5"
  name = "github.com/hashicorp/golang-lru"
  packages = [
    ".",
    "simplelru",
  ]
  pruneopts = "UT"
  revision = "20f1fb78b0740ba8c3cb143a61e86ba5c8669768"
  version = "v0.5.0"

[[projects]]
  digest = "1:efd601ad1d1189884f37ed075fadb5bbd17f1f5acf5862827247c6da56d125ba"
  name = "github.com/labstack/echo"
  packages = [
    ".",
    "middleware",
  ]
  pruneopts = "UT"
  revision = "38772c686c76b501f94bd6cd5b77f5842e93b559"
  version = "v3.3.10"

[[projects]]
  digest = "1:764bce605f1c70823a567ac3205a03e6b7f375ca747d8820fded0b0abddda802"
  name = "github.com/labstack/gommon"
  packages = [
    "bytes",
    "color",
    "log",
    "random",
  ]
  pruneopts = "UT"
  revision = "7fd9f68ece0bcb1a905fac8f1549f0083f71c51b"
  version = "v0.2.8"

[[projects]]
  digest = "1:0f96ec4151a24d7bfd4298fc13cc320a000e31b4e5431cf88e3ffc961db846fd"
  name = "github.com/mattn/go-colorable"
  packages = ["."]
  pruneopts = "UT"
  revision = "efa589957cd060542a26d2dd7832fd6a6c6c3ade"
  version = "v0.1.0"

[[projects]]
  digest = "1:0981502f9816113c9c8c4ac301583841855c8cf4da8c72f696b3ebedf6d0e4e5"
  name = "github.com/mattn/go-isatty"
  packages = ["."]
  pruneopts = "UT"
  revision = "6ca4dbf54d38eea1a992b3c722a76a5d1c4cb25c"
  version = "v0.0.4"

[[projects]]
  digest = "1:cf31692c14422fa27c83a05292eb5cbe0fb2775972e8f1f8446a71549bd8980b"
  name = "github.com/pkg/errors"
  packages = ["."]
  pruneopts = "UT"
  revision = "ba968bfe8b2f7e042a574c888954fccecfa385b4"
  version = "v0.8.1"

[[projects]]
  digest = "1:b24d38b282bacf9791408a080f606370efa3d364e4b5fd9ba0f7b87786d3b679"
  name = "github.com/urfave/cli"
  packages = ["."]
  pruneopts = "UT"
  revision = "cfb38830724cc34fedffe9a2a29fb54fa9169cd1"
  version = "v1.20.0"

[[projects]]
  digest = "1:c468422f334a6b46a19448ad59aaffdfc0a36b08fdcc1c749a0b29b6453d7e59"
  name = "github.com/valyala/bytebufferpool"
  packages = ["."]
  pruneopts = "UT"
  revision = "e746df99fe4a3986f4d4f79e13c1e0117ce9c2f7"
  version = "v1.0.0"

[[projects]]
  branch = "master"
  digest = "1:268b8bce0064e8c057d7b913605459f9a26dcab864c0886a56d196540fbf003f"
  name = "github.com/valyala/fasttemplate"
  packages = ["."]
  pruneopts = "UT"
  revision = "dcecefd839c4193db0d35b88ec65b4c12d360ab0"

[[projects]]
  digest = "1:df1733adbff537430f4b3179ee1c22cb5fb7160913b9f1e7858afd6348499878"
  name = "github.com/vektah/gqlparser"
  packages = [
    ".",
    "ast",
    "gqlerror",
    "lexer",
    "parser",
    "validator",
    "validator/rules",
  ]
  pruneopts = "UT"
  revision = "b850e94a0bf8eab2820054638d96def671b7ae4e"
  version = "v1.1.0"

[[projects]]
  branch = "master"
  digest = "1:520c8ed6c442eed074caf8c1d874d2b0241edbe59729199f6bdf1db99f2ccb9f"
  name = "golang.org/x/crypto"
  packages = [
    "acme",
    "acme/autocert",
  ]
  pruneopts = "UT"
  revision = "b8fe1690c61389d7d2a8074a507d1d40c5d30448"

[[projects]]
  branch = "master"
  digest = "1:969c44c96e9866e912a16e282a362cf045b64202107424983fe8abc3373d1eab"
  name = "golang.org/x/sys"
  packages = ["unix"]
  pruneopts = "UT"
  revision = "41f3e6584952bb034a481797859f6ab34b6803bd"

[[projects]]
  branch = "master"
  digest = "1:bcc7ca488b127d6dfd829f57a5091c88cc68c81bf249fd342144ce2076706823"
  name = "golang.org/x/tools"
  packages = [
    "go/ast/astutil",
    "go/buildutil",
    "go/gcexportdata",
    "go/internal/cgo",
    "go/internal/gcimporter",
    "go/internal/packagesdriver",
    "go/loader",
    "go/packages",
    "go/types/typeutil",
    "imports",
    "internal/fastwalk",
    "internal/gopathwalk",
    "internal/module",
    "internal/semver",
  ]
  pruneopts = "UT"
  revision = "40960b6deb8ecdb8bcde6a8f44722731939b8ddc"

[[projects]]
  digest = "1:4d2e5a73dc1500038e504a8d78b986630e3626dc027bc030ba5c75da257cdb96"
  name = "gopkg.in/yaml.v2"
  packages = ["."]
  pruneopts = "UT"
  revision = "51d6538a90f86fe93ac480b35f37b2be17fef232"
  version = "v2.2.2"

[solve-meta]
  analyzer-name = "dep"
  analyzer-version = 1
  input-imports = [
    "github.com/99designs/gqlgen/cmd",
    "github.com/dgrijalva/jwt-go",
    "github.com/labstack/echo",
    "github.com/labstack/echo/middleware",
  ]
  solver-name = "gps-cdcl"
  solver-version = 1
